
Microsoft Visual Studio Solution File, Format Version 12.00
# Visual Studio Version 17
VisualStudioVersion = 17.0.31903.59
MinimumVisualStudioVersion = 10.0.40219.1
Project("{FAE04EC0-301F-11D3-BF4B-00C04F79EFBC}") = "AuthenticationService_Api", "AuthenticationService\AuthenticationService_Api.csproj", "{51097183-F55F-43C0-A11B-D17142005B05}"
EndProject
Project("{FAE04EC0-301F-11D3-BF4B-00C04F79EFBC}") = "Proxy", "Proxy\Proxy.csproj", "{373D3DF6-5B02-4EBA-97C7-B8F074588DDA}"
EndProject
Project("{2150E333-8FDC-42A3-9474-1A3956D46DE8}") = "Solution Items", "Solution Items", "{8EC462FD-D22E-90A8-E5CE-7E832BA40C5D}"
	ProjectSection(SolutionItems) = preProject
		docker-compose.yml = docker-compose.yml
		init.sql = init.sql
	EndProjectSection
EndProject
Project("{FAE04EC0-301F-11D3-BF4B-00C04F79EFBC}") = "BlazorGui", "BlazorGui\BlazorGui\BlazorGui.csproj", "{2D1FA061-6DB8-4A53-A4D3-76F17EE6F87D}"
EndProject
Project("{FAE04EC0-301F-11D3-BF4B-00C04F79EFBC}") = "BlazorGui.Client", "BlazorGui\BlazorGui.Client\BlazorGui.Client.csproj", "{FFFB297E-334C-42C3-8EB3-6BDB07EFEFD7}"
EndProject
Project("{2150E333-8FDC-42A3-9474-1A3956D46DE8}") = "MicroServices", "MicroServices", "{02EA681E-C7D8-13C7-8484-4AC65E1B71E8}"
EndProject
Project("{2150E333-8FDC-42A3-9474-1A3956D46DE8}") = "CleanArchitecture", "CleanArchitecture", "{229FF312-8948-4D39-9F3E-23F1292AC75E}"
EndProject
Project("{FAE04EC0-301F-11D3-BF4B-00C04F79EFBC}") = "Shared", "Shared\Shared.csproj", "{53CF18BB-0D70-42B6-83B6-1241A1F94557}"
EndProject
Project("{2150E333-8FDC-42A3-9474-1A3956D46DE8}") = "BlazorUI", "BlazorUI", "{BD37F462-E92B-4166-BAFB-E789B01A2DA9}"
EndProject
Project("{FAE04EC0-301F-11D3-BF4B-00C04F79EFBC}") = "BlazorGui.Shared", "BlazorGui.Shared\BlazorGui.Shared.csproj", "{B1C6FDA7-5EA9-4BDF-9AF3-4BE8EB5C7F56}"
EndProject
Project("{2150E333-8FDC-42A3-9474-1A3956D46DE8}") = "AuthenticationServiceSetup", "AuthenticationServiceSetup", "{A05A3ED4-3D31-4B0F-9553-9F5CF8C2A20C}"
	ProjectSection(SolutionItems) = preProject
		.dockerignore = .dockerignore
		AuthenticationService\Dockerfile = AuthenticationService\Dockerfile
	EndProjectSection
EndProject
Project("{FAE04EC0-301F-11D3-BF4B-00C04F79EFBC}") = "AuthenticationSerivce_Domain", "AuthenticationSerivce_Domain\AuthenticationSerivce_Domain.csproj", "{C97E12D7-BA43-4214-BB9D-0F3A9669620D}"
EndProject
Project("{FAE04EC0-301F-11D3-BF4B-00C04F79EFBC}") = "AuthenticationService_Application", "AuthenticationService_Application\AuthenticationService_Application.csproj", "{5DD3FB14-2A39-498F-B1F3-0EA5583164FB}"
EndProject
Project("{FAE04EC0-301F-11D3-BF4B-00C04F79EFBC}") = "AuthenticationService_Infrastructure", "AuthenticationService_Infrastructure\AuthenticationService_Infrastructure.csproj", "{FE8190DC-C250-44F4-B647-7E868F16EC9D}"
EndProject
Project("{FAE04EC0-301F-11D3-BF4B-00C04F79EFBC}") = "AuthenticationService_Shared", "AuthenticationService_Shared\AuthenticationService_Shared.csproj", "{C62465C0-8FF1-4AED-BAE8-3E4CD161F93E}"
EndProject
Global
	GlobalSection(SolutionConfigurationPlatforms) = preSolution
		Debug|Any CPU = Debug|Any CPU
		Debug|x64 = Debug|x64
		Debug|x86 = Debug|x86
		Release|Any CPU = Release|Any CPU
		Release|x64 = Release|x64
		Release|x86 = Release|x86
	EndGlobalSection
	GlobalSection(ProjectConfigurationPlatforms) = postSolution
		{51097183-F55F-43C0-A11B-D17142005B05}.Debug|Any CPU.ActiveCfg = Debug|Any CPU
		{51097183-F55F-43C0-A11B-D17142005B05}.Debug|Any CPU.Build.0 = Debug|Any CPU
		{51097183-F55F-43C0-A11B-D17142005B05}.Debug|x64.ActiveCfg = Debug|Any CPU
		{51097183-F55F-43C0-A11B-D17142005B05}.Debug|x64.Build.0 = Debug|Any CPU
		{51097183-F55F-43C0-A11B-D17142005B05}.Debug|x86.ActiveCfg = Debug|Any CPU
		{51097183-F55F-43C0-A11B-D17142005B05}.Debug|x86.Build.0 = Debug|Any CPU
		{51097183-F55F-43C0-A11B-D17142005B05}.Release|Any CPU.ActiveCfg = Release|Any CPU
		{51097183-F55F-43C0-A11B-D17142005B05}.Release|Any CPU.Build.0 = Release|Any CPU
		{51097183-F55F-43C0-A11B-D17142005B05}.Release|x64.ActiveCfg = Release|Any CPU
		{51097183-F55F-43C0-A11B-D17142005B05}.Release|x64.Build.0 = Release|Any CPU
		{51097183-F55F-43C0-A11B-D17142005B05}.Release|x86.ActiveCfg = Release|Any CPU
		{51097183-F55F-43C0-A11B-D17142005B05}.Release|x86.Build.0 = Release|Any CPU
		{373D3DF6-5B02-4EBA-97C7-B8F074588DDA}.Debug|Any CPU.ActiveCfg = Debug|Any CPU
		{373D3DF6-5B02-4EBA-97C7-B8F074588DDA}.Debug|Any CPU.Build.0 = Debug|Any CPU
		{373D3DF6-5B02-4EBA-97C7-B8F074588DDA}.Debug|x64.ActiveCfg = Debug|Any CPU
		{373D3DF6-5B02-4EBA-97C7-B8F074588DDA}.Debug|x64.Build.0 = Debug|Any CPU
		{373D3DF6-5B02-4EBA-97C7-B8F074588DDA}.Debug|x86.ActiveCfg = Debug|Any CPU
		{373D3DF6-5B02-4EBA-97C7-B8F074588DDA}.Debug|x86.Build.0 = Debug|Any CPU
		{373D3DF6-5B02-4EBA-97C7-B8F074588DDA}.Release|Any CPU.ActiveCfg = Release|Any CPU
		{373D3DF6-5B02-4EBA-97C7-B8F074588DDA}.Release|Any CPU.Build.0 = Release|Any CPU
		{373D3DF6-5B02-4EBA-97C7-B8F074588DDA}.Release|x64.ActiveCfg = Release|Any CPU
		{373D3DF6-5B02-4EBA-97C7-B8F074588DDA}.Release|x64.Build.0 = Release|Any CPU
		{373D3DF6-5B02-4EBA-97C7-B8F074588DDA}.Release|x86.ActiveCfg = Release|Any CPU
		{373D3DF6-5B02-4EBA-97C7-B8F074588DDA}.Release|x86.Build.0 = Release|Any CPU
		{2D1FA061-6DB8-4A53-A4D3-76F17EE6F87D}.Debug|Any CPU.ActiveCfg = Debug|Any CPU
		{2D1FA061-6DB8-4A53-A4D3-76F17EE6F87D}.Debug|Any CPU.Build.0 = Debug|Any CPU
		{2D1FA061-6DB8-4A53-A4D3-76F17EE6F87D}.Debug|x64.ActiveCfg = Debug|Any CPU
		{2D1FA061-6DB8-4A53-A4D3-76F17EE6F87D}.Debug|x64.Build.0 = Debug|Any CPU
		{2D1FA061-6DB8-4A53-A4D3-76F17EE6F87D}.Debug|x86.ActiveCfg = Debug|Any CPU
		{2D1FA061-6DB8-4A53-A4D3-76F17EE6F87D}.Debug|x86.Build.0 = Debug|Any CPU
		{2D1FA061-6DB8-4A53-A4D3-76F17EE6F87D}.Release|Any CPU.ActiveCfg = Release|Any CPU
		{2D1FA061-6DB8-4A53-A4D3-76F17EE6F87D}.Release|Any CPU.Build.0 = Release|Any CPU
		{2D1FA061-6DB8-4A53-A4D3-76F17EE6F87D}.Release|x64.ActiveCfg = Release|Any CPU
		{2D1FA061-6DB8-4A53-A4D3-76F17EE6F87D}.Release|x64.Build.0 = Release|Any CPU
		{2D1FA061-6DB8-4A53-A4D3-76F17EE6F87D}.Release|x86.ActiveCfg = Release|Any CPU
		{2D1FA061-6DB8-4A53-A4D3-76F17EE6F87D}.Release|x86.Build.0 = Release|Any CPU
		{FFFB297E-334C-42C3-8EB3-6BDB07EFEFD7}.Debug|Any CPU.ActiveCfg = Debug|Any CPU
		{FFFB297E-334C-42C3-8EB3-6BDB07EFEFD7}.Debug|Any CPU.Build.0 = Debug|Any CPU
		{FFFB297E-334C-42C3-8EB3-6BDB07EFEFD7}.Debug|x64.ActiveCfg = Debug|Any CPU
		{FFFB297E-334C-42C3-8EB3-6BDB07EFEFD7}.Debug|x64.Build.0 = Debug|Any CPU
		{FFFB297E-334C-42C3-8EB3-6BDB07EFEFD7}.Debug|x86.ActiveCfg = Debug|Any CPU
		{FFFB297E-334C-42C3-8EB3-6BDB07EFEFD7}.Debug|x86.Build.0 = Debug|Any CPU
		{FFFB297E-334C-42C3-8EB3-6BDB07EFEFD7}.Release|Any CPU.ActiveCfg = Release|Any CPU
		{FFFB297E-334C-42C3-8EB3-6BDB07EFEFD7}.Release|Any CPU.Build.0 = Release|Any CPU
		{FFFB297E-334C-42C3-8EB3-6BDB07EFEFD7}.Release|x64.ActiveCfg = Release|Any CPU
		{FFFB297E-334C-42C3-8EB3-6BDB07EFEFD7}.Release|x64.Build.0 = Release|Any CPU
		{FFFB297E-334C-42C3-8EB3-6BDB07EFEFD7}.Release|x86.ActiveCfg = Release|Any CPU
		{FFFB297E-334C-42C3-8EB3-6BDB07EFEFD7}.Release|x86.Build.0 = Release|Any CPU
		{53CF18BB-0D70-42B6-83B6-1241A1F94557}.Debug|Any CPU.ActiveCfg = Debug|Any CPU
		{53CF18BB-0D70-42B6-83B6-1241A1F94557}.Debug|Any CPU.Build.0 = Debug|Any CPU
		{53CF18BB-0D70-42B6-83B6-1241A1F94557}.Debug|x64.ActiveCfg = Debug|Any CPU
		{53CF18BB-0D70-42B6-83B6-1241A1F94557}.Debug|x64.Build.0 = Debug|Any CPU
		{53CF18BB-0D70-42B6-83B6-1241A1F94557}.Debug|x86.ActiveCfg = Debug|Any CPU
		{53CF18BB-0D70-42B6-83B6-1241A1F94557}.Debug|x86.Build.0 = Debug|Any CPU
		{53CF18BB-0D70-42B6-83B6-1241A1F94557}.Release|Any CPU.ActiveCfg = Release|Any CPU
		{53CF18BB-0D70-42B6-83B6-1241A1F94557}.Release|Any CPU.Build.0 = Release|Any CPU
		{53CF18BB-0D70-42B6-83B6-1241A1F94557}.Release|x64.ActiveCfg = Release|Any CPU
		{53CF18BB-0D70-42B6-83B6-1241A1F94557}.Release|x64.Build.0 = Release|Any CPU
		{53CF18BB-0D70-42B6-83B6-1241A1F94557}.Release|x86.ActiveCfg = Release|Any CPU
		{53CF18BB-0D70-42B6-83B6-1241A1F94557}.Release|x86.Build.0 = Release|Any CPU
		{B1C6FDA7-5EA9-4BDF-9AF3-4BE8EB5C7F56}.Debug|Any CPU.ActiveCfg = Debug|Any CPU
		{B1C6FDA7-5EA9-4BDF-9AF3-4BE8EB5C7F56}.Debug|Any CPU.Build.0 = Debug|Any CPU
		{B1C6FDA7-5EA9-4BDF-9AF3-4BE8EB5C7F56}.Debug|x64.ActiveCfg = Debug|Any CPU
		{B1C6FDA7-5EA9-4BDF-9AF3-4BE8EB5C7F56}.Debug|x64.Build.0 = Debug|Any CPU
		{B1C6FDA7-5EA9-4BDF-9AF3-4BE8EB5C7F56}.Debug|x86.ActiveCfg = Debug|Any CPU
		{B1C6FDA7-5EA9-4BDF-9AF3-4BE8EB5C7F56}.Debug|x86.Build.0 = Debug|Any CPU
		{B1C6FDA7-5EA9-4BDF-9AF3-4BE8EB5C7F56}.Release|Any CPU.ActiveCfg = Release|Any CPU
		{B1C6FDA7-5EA9-4BDF-9AF3-4BE8EB5C7F56}.Release|Any CPU.Build.0 = Release|Any CPU
		{B1C6FDA7-5EA9-4BDF-9AF3-4BE8EB5C7F56}.Release|x64.ActiveCfg = Release|Any CPU
		{B1C6FDA7-5EA9-4BDF-9AF3-4BE8EB5C7F56}.Release|x64.Build.0 = Release|Any CPU
		{B1C6FDA7-5EA9-4BDF-9AF3-4BE8EB5C7F56}.Release|x86.ActiveCfg = Release|Any CPU
		{B1C6FDA7-5EA9-4BDF-9AF3-4BE8EB5C7F56}.Release|x86.Build.0 = Release|Any CPU
		{C97E12D7-BA43-4214-BB9D-0F3A9669620D}.Debug|Any CPU.ActiveCfg = Debug|Any CPU
		{C97E12D7-BA43-4214-BB9D-0F3A9669620D}.Debug|Any CPU.Build.0 = Debug|Any CPU
		{C97E12D7-BA43-4214-BB9D-0F3A9669620D}.Debug|x64.ActiveCfg = Debug|Any CPU
		{C97E12D7-BA43-4214-BB9D-0F3A9669620D}.Debug|x64.Build.0 = Debug|Any CPU
		{C97E12D7-BA43-4214-BB9D-0F3A9669620D}.Debug|x86.ActiveCfg = Debug|Any CPU
		{C97E12D7-BA43-4214-BB9D-0F3A9669620D}.Debug|x86.Build.0 = Debug|Any CPU
		{C97E12D7-BA43-4214-BB9D-0F3A9669620D}.Release|Any CPU.ActiveCfg = Release|Any CPU
		{C97E12D7-BA43-4214-BB9D-0F3A9669620D}.Release|Any CPU.Build.0 = Release|Any CPU
		{C97E12D7-BA43-4214-BB9D-0F3A9669620D}.Release|x64.ActiveCfg = Release|Any CPU
		{C97E12D7-BA43-4214-BB9D-0F3A9669620D}.Release|x64.Build.0 = Release|Any CPU
		{C97E12D7-BA43-4214-BB9D-0F3A9669620D}.Release|x86.ActiveCfg = Release|Any CPU
		{C97E12D7-BA43-4214-BB9D-0F3A9669620D}.Release|x86.Build.0 = Release|Any CPU
		{5DD3FB14-2A39-498F-B1F3-0EA5583164FB}.Debug|Any CPU.ActiveCfg = Debug|Any CPU
		{5DD3FB14-2A39-498F-B1F3-0EA5583164FB}.Debug|Any CPU.Build.0 = Debug|Any CPU
		{5DD3FB14-2A39-498F-B1F3-0EA5583164FB}.Debug|x64.ActiveCfg = Debug|Any CPU
		{5DD3FB14-2A39-498F-B1F3-0EA5583164FB}.Debug|x64.Build.0 = Debug|Any CPU
		{5DD3FB14-2A39-498F-B1F3-0EA5583164FB}.Debug|x86.ActiveCfg = Debug|Any CPU
		{5DD3FB14-2A39-498F-B1F3-0EA5583164FB}.Debug|x86.Build.0 = Debug|Any CPU
		{5DD3FB14-2A39-498F-B1F3-0EA5583164FB}.Release|Any CPU.ActiveCfg = Release|Any CPU
		{5DD3FB14-2A39-498F-B1F3-0EA5583164FB}.Release|Any CPU.Build.0 = Release|Any CPU
		{5DD3FB14-2A39-498F-B1F3-0EA5583164FB}.Release|x64.ActiveCfg = Release|Any CPU
		{5DD3FB14-2A39-498F-B1F3-0EA5583164FB}.Release|x64.Build.0 = Release|Any CPU
		{5DD3FB14-2A39-498F-B1F3-0EA5583164FB}.Release|x86.ActiveCfg = Release|Any CPU
		{5DD3FB14-2A39-498F-B1F3-0EA5583164FB}.Release|x86.Build.0 = Release|Any CPU
		{FE8190DC-C250-44F4-B647-7E868F16EC9D}.Debug|Any CPU.ActiveCfg = Debug|Any CPU
		{FE8190DC-C250-44F4-B647-7E868F16EC9D}.Debug|Any CPU.Build.0 = Debug|Any CPU
		{FE8190DC-C250-44F4-B647-7E868F16EC9D}.Debug|x64.ActiveCfg = Debug|Any CPU
		{FE8190DC-C250-44F4-B647-7E868F16EC9D}.Debug|x64.Build.0 = Debug|Any CPU
		{FE8190DC-C250-44F4-B647-7E868F16EC9D}.Debug|x86.ActiveCfg = Debug|Any CPU
		{FE8190DC-C250-44F4-B647-7E868F16EC9D}.Debug|x86.Build.0 = Debug|Any CPU
		{FE8190DC-C250-44F4-B647-7E868F16EC9D}.Release|Any CPU.ActiveCfg = Release|Any CPU
		{FE8190DC-C250-44F4-B647-7E868F16EC9D}.Release|Any CPU.Build.0 = Release|Any CPU
		{FE8190DC-C250-44F4-B647-7E868F16EC9D}.Release|x64.ActiveCfg = Release|Any CPU
		{FE8190DC-C250-44F4-B647-7E868F16EC9D}.Release|x64.Build.0 = Release|Any CPU
		{FE8190DC-C250-44F4-B647-7E868F16EC9D}.Release|x86.ActiveCfg = Release|Any CPU
		{FE8190DC-C250-44F4-B647-7E868F16EC9D}.Release|x86.Build.0 = Release|Any CPU
		{C62465C0-8FF1-4AED-BAE8-3E4CD161F93E}.Debug|Any CPU.ActiveCfg = Debug|Any CPU
		{C62465C0-8FF1-4AED-BAE8-3E4CD161F93E}.Debug|Any CPU.Build.0 = Debug|Any CPU
		{C62465C0-8FF1-4AED-BAE8-3E4CD161F93E}.Debug|x64.ActiveCfg = Debug|Any CPU
		{C62465C0-8FF1-4AED-BAE8-3E4CD161F93E}.Debug|x64.Build.0 = Debug|Any CPU
		{C62465C0-8FF1-4AED-BAE8-3E4CD161F93E}.Debug|x86.ActiveCfg = Debug|Any CPU
		{C62465C0-8FF1-4AED-BAE8-3E4CD161F93E}.Debug|x86.Build.0 = Debug|Any CPU
		{C62465C0-8FF1-4AED-BAE8-3E4CD161F93E}.Release|Any CPU.ActiveCfg = Release|Any CPU
		{C62465C0-8FF1-4AED-BAE8-3E4CD161F93E}.Release|Any CPU.Build.0 = Release|Any CPU
		{C62465C0-8FF1-4AED-BAE8-3E4CD161F93E}.Release|x64.ActiveCfg = Release|Any CPU
		{C62465C0-8FF1-4AED-BAE8-3E4CD161F93E}.Release|x64.Build.0 = Release|Any CPU
		{C62465C0-8FF1-4AED-BAE8-3E4CD161F93E}.Release|x86.ActiveCfg = Release|Any CPU
		{C62465C0-8FF1-4AED-BAE8-3E4CD161F93E}.Release|x86.Build.0 = Release|Any CPU
	EndGlobalSection
	GlobalSection(SolutionProperties) = preSolution
		HideSolutionNode = FALSE
	EndGlobalSection
	GlobalSection(NestedProjects) = preSolution
		{51097183-F55F-43C0-A11B-D17142005B05} = {A05A3ED4-3D31-4B0F-9553-9F5CF8C2A20C}
		{373D3DF6-5B02-4EBA-97C7-B8F074588DDA} = {02EA681E-C7D8-13C7-8484-4AC65E1B71E8}
		{2D1FA061-6DB8-4A53-A4D3-76F17EE6F87D} = {BD37F462-E92B-4166-BAFB-E789B01A2DA9}
		{FFFB297E-334C-42C3-8EB3-6BDB07EFEFD7} = {BD37F462-E92B-4166-BAFB-E789B01A2DA9}
		{53CF18BB-0D70-42B6-83B6-1241A1F94557} = {229FF312-8948-4D39-9F3E-23F1292AC75E}
		{BD37F462-E92B-4166-BAFB-E789B01A2DA9} = {229FF312-8948-4D39-9F3E-23F1292AC75E}
		{B1C6FDA7-5EA9-4BDF-9AF3-4BE8EB5C7F56} = {BD37F462-E92B-4166-BAFB-E789B01A2DA9}
		{A05A3ED4-3D31-4B0F-9553-9F5CF8C2A20C} = {02EA681E-C7D8-13C7-8484-4AC65E1B71E8}
		{C97E12D7-BA43-4214-BB9D-0F3A9669620D} = {A05A3ED4-3D31-4B0F-9553-9F5CF8C2A20C}
		{5DD3FB14-2A39-498F-B1F3-0EA5583164FB} = {A05A3ED4-3D31-4B0F-9553-9F5CF8C2A20C}
		{FE8190DC-C250-44F4-B647-7E868F16EC9D} = {A05A3ED4-3D31-4B0F-9553-9F5CF8C2A20C}
		{C62465C0-8FF1-4AED-BAE8-3E4CD161F93E} = {A05A3ED4-3D31-4B0F-9553-9F5CF8C2A20C}
	EndGlobalSection
	GlobalSection(ExtensibilityGlobals) = postSolution
		SolutionGuid = {310D4CFB-503A-49A2-9EE5-85301685F123}
	EndGlobalSection
EndGlobal
