
Microsoft Visual Studio Solution File, Format Version 12.00
# Visual Studio Version 17
VisualStudioVersion = 17.0.31903.59
MinimumVisualStudioVersion = 10.0.40219.1
Project("{FAE04EC0-301F-11D3-BF4B-00C04F79EFBC}") = "AuthenticationService_Api", "AuthenticationService_Api\AuthenticationService_Api.csproj", "{6244703F-8E78-4DC8-ACD4-69E4830EA3F4}"
EndProject
Project("{FAE04EC0-301F-11D3-BF4B-00C04F79EFBC}") = "AuthenticationService_Shared", "AuthenticationService_Shared\AuthenticationService_Shared.csproj", "{74A44367-331C-452E-AD8B-F6207EC876A8}"
EndProject
Project("{FAE04EC0-301F-11D3-BF4B-00C04F79EFBC}") = "AuthenticationService_Application", "AuthenticationService_Application\AuthenticationService_Application.csproj", "{04EB852F-BA76-47BE-9CA0-4B3B50731FDD}"
EndProject
Project("{FAE04EC0-301F-11D3-BF4B-00C04F79EFBC}") = "AuthenticationService_Domain", "AuthenticationService_Domain\AuthenticationService_Domain.csproj", "{BC095ACC-05DE-4759-AA53-AC200162DF96}"
EndProject
Project("{FAE04EC0-301F-11D3-BF4B-00C04F79EFBC}") = "AuthenticationService_Infrastructure", "AuthenticationService_Infrastructure\AuthenticationService_Infrastructure.csproj", "{28C0DEF1-CCEB-451A-BBF2-47598150F02F}"
EndProject
Project("{2150E333-8FDC-42A3-9474-1A3956D46DE8}") = "Solution Items", "Solution Items", "{8EC462FD-D22E-90A8-E5CE-7E832BA40C5D}"
	ProjectSection(SolutionItems) = preProject
		Dockerfile = Dockerfile
	EndProjectSection
EndProject
Global
	GlobalSection(SolutionConfigurationPlatforms) = preSolution
		Debug|Any CPU = Debug|Any CPU
		Debug|x64 = Debug|x64
		Debug|x86 = Debug|x86
		Release|Any CPU = Release|Any CPU
		Release|x64 = Release|x64
		Release|x86 = Release|x86
	EndGlobalSection
	GlobalSection(ProjectConfigurationPlatforms) = postSolution
		{6244703F-8E78-4DC8-ACD4-69E4830EA3F4}.Debug|Any CPU.ActiveCfg = Debug|Any CPU
		{6244703F-8E78-4DC8-ACD4-69E4830EA3F4}.Debug|Any CPU.Build.0 = Debug|Any CPU
		{6244703F-8E78-4DC8-ACD4-69E4830EA3F4}.Debug|x64.ActiveCfg = Debug|Any CPU
		{6244703F-8E78-4DC8-ACD4-69E4830EA3F4}.Debug|x64.Build.0 = Debug|Any CPU
		{6244703F-8E78-4DC8-ACD4-69E4830EA3F4}.Debug|x86.ActiveCfg = Debug|Any CPU
		{6244703F-8E78-4DC8-ACD4-69E4830EA3F4}.Debug|x86.Build.0 = Debug|Any CPU
		{6244703F-8E78-4DC8-ACD4-69E4830EA3F4}.Release|Any CPU.ActiveCfg = Release|Any CPU
		{6244703F-8E78-4DC8-ACD4-69E4830EA3F4}.Release|Any CPU.Build.0 = Release|Any CPU
		{6244703F-8E78-4DC8-ACD4-69E4830EA3F4}.Release|x64.ActiveCfg = Release|Any CPU
		{6244703F-8E78-4DC8-ACD4-69E4830EA3F4}.Release|x64.Build.0 = Release|Any CPU
		{6244703F-8E78-4DC8-ACD4-69E4830EA3F4}.Release|x86.ActiveCfg = Release|Any CPU
		{6244703F-8E78-4DC8-ACD4-69E4830EA3F4}.Release|x86.Build.0 = Release|Any CPU
		{74A44367-331C-452E-AD8B-F6207EC876A8}.Debug|Any CPU.ActiveCfg = Debug|Any CPU
		{74A44367-331C-452E-AD8B-F6207EC876A8}.Debug|Any CPU.Build.0 = Debug|Any CPU
		{74A44367-331C-452E-AD8B-F6207EC876A8}.Debug|x64.ActiveCfg = Debug|Any CPU
		{74A44367-331C-452E-AD8B-F6207EC876A8}.Debug|x64.Build.0 = Debug|Any CPU
		{74A44367-331C-452E-AD8B-F6207EC876A8}.Debug|x86.ActiveCfg = Debug|Any CPU
		{74A44367-331C-452E-AD8B-F6207EC876A8}.Debug|x86.Build.0 = Debug|Any CPU
		{74A44367-331C-452E-AD8B-F6207EC876A8}.Release|Any CPU.ActiveCfg = Release|Any CPU
		{74A44367-331C-452E-AD8B-F6207EC876A8}.Release|Any CPU.Build.0 = Release|Any CPU
		{74A44367-331C-452E-AD8B-F6207EC876A8}.Release|x64.ActiveCfg = Release|Any CPU
		{74A44367-331C-452E-AD8B-F6207EC876A8}.Release|x64.Build.0 = Release|Any CPU
		{74A44367-331C-452E-AD8B-F6207EC876A8}.Release|x86.ActiveCfg = Release|Any CPU
		{74A44367-331C-452E-AD8B-F6207EC876A8}.Release|x86.Build.0 = Release|Any CPU
		{04EB852F-BA76-47BE-9CA0-4B3B50731FDD}.Debug|Any CPU.ActiveCfg = Debug|Any CPU
		{04EB852F-BA76-47BE-9CA0-4B3B50731FDD}.Debug|Any CPU.Build.0 = Debug|Any CPU
		{04EB852F-BA76-47BE-9CA0-4B3B50731FDD}.Debug|x64.ActiveCfg = Debug|Any CPU
		{04EB852F-BA76-47BE-9CA0-4B3B50731FDD}.Debug|x64.Build.0 = Debug|Any CPU
		{04EB852F-BA76-47BE-9CA0-4B3B50731FDD}.Debug|x86.ActiveCfg = Debug|Any CPU
		{04EB852F-BA76-47BE-9CA0-4B3B50731FDD}.Debug|x86.Build.0 = Debug|Any CPU
		{04EB852F-BA76-47BE-9CA0-4B3B50731FDD}.Release|Any CPU.ActiveCfg = Release|Any CPU
		{04EB852F-BA76-47BE-9CA0-4B3B50731FDD}.Release|Any CPU.Build.0 = Release|Any CPU
		{04EB852F-BA76-47BE-9CA0-4B3B50731FDD}.Release|x64.ActiveCfg = Release|Any CPU
		{04EB852F-BA76-47BE-9CA0-4B3B50731FDD}.Release|x64.Build.0 = Release|Any CPU
		{04EB852F-BA76-47BE-9CA0-4B3B50731FDD}.Release|x86.ActiveCfg = Release|Any CPU
		{04EB852F-BA76-47BE-9CA0-4B3B50731FDD}.Release|x86.Build.0 = Release|Any CPU
		{BC095ACC-05DE-4759-AA53-AC200162DF96}.Debug|Any CPU.ActiveCfg = Debug|Any CPU
		{BC095ACC-05DE-4759-AA53-AC200162DF96}.Debug|Any CPU.Build.0 = Debug|Any CPU
		{BC095ACC-05DE-4759-AA53-AC200162DF96}.Debug|x64.ActiveCfg = Debug|Any CPU
		{BC095ACC-05DE-4759-AA53-AC200162DF96}.Debug|x64.Build.0 = Debug|Any CPU
		{BC095ACC-05DE-4759-AA53-AC200162DF96}.Debug|x86.ActiveCfg = Debug|Any CPU
		{BC095ACC-05DE-4759-AA53-AC200162DF96}.Debug|x86.Build.0 = Debug|Any CPU
		{BC095ACC-05DE-4759-AA53-AC200162DF96}.Release|Any CPU.ActiveCfg = Release|Any CPU
		{BC095ACC-05DE-4759-AA53-AC200162DF96}.Release|Any CPU.Build.0 = Release|Any CPU
		{BC095ACC-05DE-4759-AA53-AC200162DF96}.Release|x64.ActiveCfg = Release|Any CPU
		{BC095ACC-05DE-4759-AA53-AC200162DF96}.Release|x64.Build.0 = Release|Any CPU
		{BC095ACC-05DE-4759-AA53-AC200162DF96}.Release|x86.ActiveCfg = Release|Any CPU
		{BC095ACC-05DE-4759-AA53-AC200162DF96}.Release|x86.Build.0 = Release|Any CPU
		{28C0DEF1-CCEB-451A-BBF2-47598150F02F}.Debug|Any CPU.ActiveCfg = Debug|Any CPU
		{28C0DEF1-CCEB-451A-BBF2-47598150F02F}.Debug|Any CPU.Build.0 = Debug|Any CPU
		{28C0DEF1-CCEB-451A-BBF2-47598150F02F}.Debug|x64.ActiveCfg = Debug|Any CPU
		{28C0DEF1-CCEB-451A-BBF2-47598150F02F}.Debug|x64.Build.0 = Debug|Any CPU
		{28C0DEF1-CCEB-451A-BBF2-47598150F02F}.Debug|x86.ActiveCfg = Debug|Any CPU
		{28C0DEF1-CCEB-451A-BBF2-47598150F02F}.Debug|x86.Build.0 = Debug|Any CPU
		{28C0DEF1-CCEB-451A-BBF2-47598150F02F}.Release|Any CPU.ActiveCfg = Release|Any CPU
		{28C0DEF1-CCEB-451A-BBF2-47598150F02F}.Release|Any CPU.Build.0 = Release|Any CPU
		{28C0DEF1-CCEB-451A-BBF2-47598150F02F}.Release|x64.ActiveCfg = Release|Any CPU
		{28C0DEF1-CCEB-451A-BBF2-47598150F02F}.Release|x64.Build.0 = Release|Any CPU
		{28C0DEF1-CCEB-451A-BBF2-47598150F02F}.Release|x86.ActiveCfg = Release|Any CPU
		{28C0DEF1-CCEB-451A-BBF2-47598150F02F}.Release|x86.Build.0 = Release|Any CPU
	EndGlobalSection
	GlobalSection(SolutionProperties) = preSolution
		HideSolutionNode = FALSE
	EndGlobalSection
	GlobalSection(ExtensibilityGlobals) = postSolution
		SolutionGuid = {61D3B064-E9F2-48C4-9F65-B8DF10BF8D4F}
	EndGlobalSection
EndGlobal
